# This file is generated by running "yarn install" inside your project.
# Manual changes might be lost - proceed with caution!

__metadata:
  version: 6
  cacheKey: 8

"bootstrap@npm:3.3.7":
  version: 3.3.7
  resolution: "bootstrap@npm:3.3.7"
  checksum: 7a31f48db010cbc3d18bcde2371ae3feed8378657463f0def3564b2efb9f630ca3318d92682f36bf031b01ae05389c844b22d5c44078b98359059012bb504021
  languageName: node
  linkType: hard

"fastclick@npm:1.0.6":
  version: 1.0.6
  resolution: "fastclick@npm:1.0.6"
  checksum: 5da932e7d6744995d283cf46a2a2efa363548e4741441bf1d39627f3cdf36ebfd567126418e4c63ff25135597628f5d5e2b62a26249de9c1d5e8a0f72b402201
  languageName: node
  linkType: hard

"font-awesome@npm:4.6.3":
  version: 4.6.3
  resolution: "font-awesome@npm:4.6.3"
  checksum: c63f849ce322bdadf3e52d5251b8d2779d7ad7e7e12056b0080b9f655e2507af12551407cac011c07bac41cd0a9a5af32ed1c20246b5851d115f383bcb207fa4
  languageName: node
  linkType: hard

"jquery-mousewheel@npm:>=3.0.6":
  version: 3.1.13
  resolution: "jquery-mousewheel@npm:3.1.13"
  checksum: 3be0b9320a8846d64bfc705c6b23eb6489dc0d5ba73800a94c7aafbc82f54d103a0909f0d619756adc124b48b6158ff8e601619dd4aaef213e0c68818cb99b21
  languageName: node
  linkType: hard

"jquery@npm:3.3.1":
  version: 3.3.1
  resolution: "jquery@npm:3.3.1"
  checksum: 8327a8150afa187131c0ef313ba768993bd7e410dcfb4fc2d9f3f085d1519a4bea08b7a7468ae971d2b8cb3796348f221a9e1ab408287a060d24bf5069ddca82
  languageName: node
  linkType: hard

"malihu-custom-scrollbar-plugin@npm:3.1.3":
  version: 3.1.3
  resolution: "malihu-custom-scrollbar-plugin@npm:3.1.3"
  dependencies:
    jquery-mousewheel: ">=3.0.6"
  checksum: ecfa8ae0d55e06f1ce447800768a27cc848988bd8ac138702feb5e55e5acbb1d4da324498661d7b8fc237b4a4ce6f583171b24b0119343f3506730f1e8cddc5e
  languageName: node
  linkType: hard

"metismenu@npm:3.0.3":
  version: 3.0.3
  resolution: "metismenu@npm:3.0.3"
  peerDependencies:
    jquery: ^3.3.1
  checksum: 7670bd14cc57de20542bd11be93a80d6db60fee5807629aa91804cd71b02fb69ae1f400304618c269d247e3605d26759fe874881a155ae94e2519136c67a199f
  languageName: node
  linkType: hard

"nprogress@npm:0.2.0":
  version: 0.2.0
  resolution: "nprogress@npm:0.2.0"
  checksum: 66b7bec5d563ecf2d1c3d2815e6d5eb74ed815eee8563e0afa63d3f185ab1b9cf2ddd97e1ded263b9995c5019d26d600320e849e50f3747984daa033744619dc
  languageName: node
  linkType: hard

"time_to_answer@workspace:.":
  version: 0.0.0-use.local
  resolution: "time_to_answer@workspace:."
  dependencies:
    bootstrap: 3.3.7
    fastclick: 1.0.6
    font-awesome: 4.6.3
    jquery: 3.3.1
    malihu-custom-scrollbar-plugin: 3.1.3
    metismenu: 3.0.3
    nprogress: 0.2.0
  languageName: unknown
  linkType: soft
